Microsoft Visual Studio Solution File, Format Version 12.00
# Visual Studio 15
VisualStudioVersion = 15.0.27130.2027
MinimumVisualStudioVersion = 10.0.40219.1
Project("{2150E333-8FDC-42A3-9474-1A3956D46DE8}") = "src", "src", "{9360EBEC-24FB-4AAB-9E23-C15FEAF36A61}"
EndProject
Project("{FAE04EC0-301F-11D3-BF4B-00C04F79EFBC}") = "NSubstitute.Analyzers.CSharp", "src\NSubstitute.Analyzers\NSubstitute.Analyzers.CSharp.csproj", "{FAA09C6B-9AE9-41E7-854F-3BC7AFED092F}"
EndProject
Project("{2150E333-8FDC-42A3-9474-1A3956D46DE8}") = "tests", "tests", "{6D1CF61C-E40E-4AFE-99EF-895C52CFA232}"
EndProject
Project("{FAE04EC0-301F-11D3-BF4B-00C04F79EFBC}") = "NSubstitute.Analyzers.Test.CSharp", "tests\NSubstitute.Analyzers.Test.CSharp\NSubstitute.Analyzers.Test.CSharp.csproj", "{C27EB7F9-435A-4CD2-9C5D-1390149CCF5C}"
EndProject
Project("{FAE04EC0-301F-11D3-BF4B-00C04F79EFBC}") = "NSubstitute.Analyzers.Shared", "src\NSubstitute.Analyzers.Shared\NSubstitute.Analyzers.Shared.csproj", "{ECE91668-0EEA-4D17-992E-0E2A0B4666D2}"
EndProject
Global
	GlobalSection(SolutionConfigurationPlatforms) = preSolution
		Debug|Any CPU = Debug|Any CPU
		Release|Any CPU = Release|Any CPU
	EndGlobalSection
	GlobalSection(ProjectConfigurationPlatforms) = postSolution
		{C623BEFD-75EB-4EF2-88E4-64EEDC828795}.Debug|Any CPU.ActiveCfg = Debug|Any CPU
		{C623BEFD-75EB-4EF2-88E4-64EEDC828795}.Debug|Any CPU.Build.0 = Debug|Any CPU
		{C623BEFD-75EB-4EF2-88E4-64EEDC828795}.Release|Any CPU.ActiveCfg = Release|Any CPU
		{C623BEFD-75EB-4EF2-88E4-64EEDC828795}.Release|Any CPU.Build.0 = Release|Any CPU
		{FAA09C6B-9AE9-41E7-854F-3BC7AFED092F}.Debug|Any CPU.ActiveCfg = Debug|Any CPU
		{FAA09C6B-9AE9-41E7-854F-3BC7AFED092F}.Debug|Any CPU.Build.0 = Debug|Any CPU
		{FAA09C6B-9AE9-41E7-854F-3BC7AFED092F}.Release|Any CPU.ActiveCfg = Release|Any CPU
		{FAA09C6B-9AE9-41E7-854F-3BC7AFED092F}.Release|Any CPU.Build.0 = Release|Any CPU
		{C069FEB1-0543-4D45-9C21-7EEFA1CB1C37}.Debug|Any CPU.ActiveCfg = Debug|Any CPU
		{C069FEB1-0543-4D45-9C21-7EEFA1CB1C37}.Debug|Any CPU.Build.0 = Debug|Any CPU
		{C069FEB1-0543-4D45-9C21-7EEFA1CB1C37}.Release|Any CPU.ActiveCfg = Release|Any CPU
		{C069FEB1-0543-4D45-9C21-7EEFA1CB1C37}.Release|Any CPU.Build.0 = Release|Any CPU
		{C27EB7F9-435A-4CD2-9C5D-1390149CCF5C}.Debug|Any CPU.ActiveCfg = Debug|Any CPU
		{C27EB7F9-435A-4CD2-9C5D-1390149CCF5C}.Debug|Any CPU.Build.0 = Debug|Any CPU
		{C27EB7F9-435A-4CD2-9C5D-1390149CCF5C}.Release|Any CPU.ActiveCfg = Release|Any CPU
		{C27EB7F9-435A-4CD2-9C5D-1390149CCF5C}.Release|Any CPU.Build.0 = Release|Any CPU
		{ECE91668-0EEA-4D17-992E-0E2A0B4666D2}.Debug|Any CPU.ActiveCfg = Debug|Any CPU
		{ECE91668-0EEA-4D17-992E-0E2A0B4666D2}.Debug|Any CPU.Build.0 = Debug|Any CPU
		{ECE91668-0EEA-4D17-992E-0E2A0B4666D2}.Release|Any CPU.ActiveCfg = Release|Any CPU
		{ECE91668-0EEA-4D17-992E-0E2A0B4666D2}.Release|Any CPU.Build.0 = Release|Any CPU
	EndGlobalSection
	GlobalSection(SolutionProperties) = preSolution
		HideSolutionNode = FALSE
	EndGlobalSection
	GlobalSection(ExtensibilityGlobals) = postSolution
		SolutionGuid = {755656C1-E6EC-4CDA-A090-A616910193AA}
	EndGlobalSection
	GlobalSection(NestedProjects) = preSolution
		{C623BEFD-75EB-4EF2-88E4-64EEDC828795} = {9360EBEC-24FB-4AAB-9E23-C15FEAF36A61}
		{FAA09C6B-9AE9-41E7-854F-3BC7AFED092F} = {9360EBEC-24FB-4AAB-9E23-C15FEAF36A61}
		{C069FEB1-0543-4D45-9C21-7EEFA1CB1C37} = {6D1CF61C-E40E-4AFE-99EF-895C52CFA232}
		{C27EB7F9-435A-4CD2-9C5D-1390149CCF5C} = {6D1CF61C-E40E-4AFE-99EF-895C52CFA232}
		{ECE91668-0EEA-4D17-992E-0E2A0B4666D2} = {9360EBEC-24FB-4AAB-9E23-C15FEAF36A61}
	EndGlobalSection
EndGlobal
