
Microsoft Visual Studio Solution File, Format Version 12.00
# Visual Studio 15
VisualStudioVersion = 15.0.27130.2027
MinimumVisualStudioVersion = 10.0.40219.1
Project("{FAE04EC0-301F-11D3-BF4B-00C04F79EFBC}") = "NSubstitute.Analyzers", "NSubstitute.Analyzers\NSubstitute.Analyzers.csproj", "{074586B6-A57C-4931-A487-5FBDEFA0C185}"
EndProject
Project("{FAE04EC0-301F-11D3-BF4B-00C04F79EFBC}") = "NSubstitute.Analyzers.Test", "NSubstitute.Analyzers.Test\NSubstitute.Analyzers.Test.csproj", "{90716756-5686-4C1C-9970-C6F4B7C720A0}"
EndProject
Project("{FAE04EC0-301F-11D3-BF4B-00C04F79EFBC}") = "NSubstitute.Analyzers.Vsix", "NSubstitute.Analyzers.Vsix\NSubstitute.Analyzers.Vsix.csproj", "{CDA8A6C3-ECCF-4FBB-946A-D18DC8567022}"
EndProject
Global
	GlobalSection(SolutionConfigurationPlatforms) = preSolution
		Debug|Any CPU = Debug|Any CPU
		Release|Any CPU = Release|Any CPU
	EndGlobalSection
	GlobalSection(ProjectConfigurationPlatforms) = postSolution
		{074586B6-A57C-4931-A487-5FBDEFA0C185}.Debug|Any CPU.ActiveCfg = Debug|Any CPU
		{074586B6-A57C-4931-A487-5FBDEFA0C185}.Debug|Any CPU.Build.0 = Debug|Any CPU
		{074586B6-A57C-4931-A487-5FBDEFA0C185}.Release|Any CPU.ActiveCfg = Release|Any CPU
		{074586B6-A57C-4931-A487-5FBDEFA0C185}.Release|Any CPU.Build.0 = Release|Any CPU
		{90716756-5686-4C1C-9970-C6F4B7C720A0}.Debug|Any CPU.ActiveCfg = Debug|Any CPU
		{90716756-5686-4C1C-9970-C6F4B7C720A0}.Debug|Any CPU.Build.0 = Debug|Any CPU
		{90716756-5686-4C1C-9970-C6F4B7C720A0}.Release|Any CPU.ActiveCfg = Release|Any CPU
		{90716756-5686-4C1C-9970-C6F4B7C720A0}.Release|Any CPU.Build.0 = Release|Any CPU
		{CDA8A6C3-ECCF-4FBB-946A-D18DC8567022}.Debug|Any CPU.ActiveCfg = Debug|Any CPU
		{CDA8A6C3-ECCF-4FBB-946A-D18DC8567022}.Debug|Any CPU.Build.0 = Debug|Any CPU
		{CDA8A6C3-ECCF-4FBB-946A-D18DC8567022}.Release|Any CPU.ActiveCfg = Release|Any CPU
		{CDA8A6C3-ECCF-4FBB-946A-D18DC8567022}.Release|Any CPU.Build.0 = Release|Any CPU
	EndGlobalSection
	GlobalSection(SolutionProperties) = preSolution
		HideSolutionNode = FALSE
	EndGlobalSection
	GlobalSection(ExtensibilityGlobals) = postSolution
		SolutionGuid = {755656C1-E6EC-4CDA-A090-A616910193AA}
	EndGlobalSection
EndGlobal
